{
  "name": "14",
  "lockfileVersion": 3,
  "requires": true,
  "packages": {
    "": {
      "dependencies": {
        "syeventbus": "^0.0.3"
      }
    },
    "node_modules/syeventbus": {
      "version": "0.0.3",
      "resolved": "https://registry.npmjs.org/syeventbus/-/syeventbus-0.0.3.tgz",
      "integrity": "sha512-pM5iBGpGBspYnImqCb7TuDM8xTSHKsq4YIBGqNuMfIySBdsHLsZ21InQwqGPK/JZ+KSqw+UTprATwewoNsJRAQ=="
    }
  }
}
